
Microsoft Visual Studio Solution File, Format Version 12.00
# Visual Studio Version 17
VisualStudioVersion = 17.14.36202.13 d17.14
MinimumVisualStudioVersion = 10.0.40219.1
Project("{FAE04EC0-301F-11D3-BF4B-00C04F79EFBC}") = "CompanySystem.Web", "CompanySystem.Web\CompanySystem.Web.csproj", "{6F1A550B-78B2-4CC6-A899-1888C2E81865}"
EndProject
Project("{FAE04EC0-301F-11D3-BF4B-00C04F79EFBC}") = "CompanySystem.Application", "CompanySystem.Application\CompanySystem.Application.csproj", "{F969047F-F74B-45DC-A29A-F58025064922}"
EndProject
Project("{FAE04EC0-301F-11D3-BF4B-00C04F79EFBC}") = "CompanySystem.Domain", "CompanySystem.Domain\CompanySystem.Domain.csproj", "{407B98E6-8D69-4FE6-8F1B-94D58A75BE9E}"
EndProject
Project("{FAE04EC0-301F-11D3-BF4B-00C04F79EFBC}") = "CompanySystem.Infrastructure", "CompanySystem.Infrastructure\CompanySystem.Infrastructure.csproj", "{36751E53-AA66-4E1B-8D35-7724F40E43B9}"
EndProject
Project("{FAE04EC0-301F-11D3-BF4B-00C04F79EFBC}") = "CompanySystem.Shared", "CompanySystem.Shared\CompanySystem.Shared.csproj", "{765EE223-C0F4-4F64-8B5C-5B9D01F9BCDB}"
EndProject
Global
	GlobalSection(SolutionConfigurationPlatforms) = preSolution
		Debug|Any CPU = Debug|Any CPU
		Release|Any CPU = Release|Any CPU
	EndGlobalSection
	GlobalSection(ProjectConfigurationPlatforms) = postSolution
		{6F1A550B-78B2-4CC6-A899-1888C2E81865}.Debug|Any CPU.ActiveCfg = Debug|Any CPU
		{6F1A550B-78B2-4CC6-A899-1888C2E81865}.Debug|Any CPU.Build.0 = Debug|Any CPU
		{6F1A550B-78B2-4CC6-A899-1888C2E81865}.Release|Any CPU.ActiveCfg = Release|Any CPU
		{6F1A550B-78B2-4CC6-A899-1888C2E81865}.Release|Any CPU.Build.0 = Release|Any CPU
		{F969047F-F74B-45DC-A29A-F58025064922}.Debug|Any CPU.ActiveCfg = Debug|Any CPU
		{F969047F-F74B-45DC-A29A-F58025064922}.Debug|Any CPU.Build.0 = Debug|Any CPU
		{F969047F-F74B-45DC-A29A-F58025064922}.Release|Any CPU.ActiveCfg = Release|Any CPU
		{F969047F-F74B-45DC-A29A-F58025064922}.Release|Any CPU.Build.0 = Release|Any CPU
		{407B98E6-8D69-4FE6-8F1B-94D58A75BE9E}.Debug|Any CPU.ActiveCfg = Debug|Any CPU
		{407B98E6-8D69-4FE6-8F1B-94D58A75BE9E}.Debug|Any CPU.Build.0 = Debug|Any CPU
		{407B98E6-8D69-4FE6-8F1B-94D58A75BE9E}.Release|Any CPU.ActiveCfg = Release|Any CPU
		{407B98E6-8D69-4FE6-8F1B-94D58A75BE9E}.Release|Any CPU.Build.0 = Release|Any CPU
		{36751E53-AA66-4E1B-8D35-7724F40E43B9}.Debug|Any CPU.ActiveCfg = Debug|Any CPU
		{36751E53-AA66-4E1B-8D35-7724F40E43B9}.Debug|Any CPU.Build.0 = Debug|Any CPU
		{36751E53-AA66-4E1B-8D35-7724F40E43B9}.Release|Any CPU.ActiveCfg = Release|Any CPU
		{36751E53-AA66-4E1B-8D35-7724F40E43B9}.Release|Any CPU.Build.0 = Release|Any CPU
		{765EE223-C0F4-4F64-8B5C-5B9D01F9BCDB}.Debug|Any CPU.ActiveCfg = Debug|Any CPU
		{765EE223-C0F4-4F64-8B5C-5B9D01F9BCDB}.Debug|Any CPU.Build.0 = Debug|Any CPU
		{765EE223-C0F4-4F64-8B5C-5B9D01F9BCDB}.Release|Any CPU.ActiveCfg = Release|Any CPU
		{765EE223-C0F4-4F64-8B5C-5B9D01F9BCDB}.Release|Any CPU.Build.0 = Release|Any CPU
	EndGlobalSection
	GlobalSection(SolutionProperties) = preSolution
		HideSolutionNode = FALSE
	EndGlobalSection
	GlobalSection(ExtensibilityGlobals) = postSolution
		SolutionGuid = {E1A3B8EB-3889-43C4-A94A-23B3041F1969}
	EndGlobalSection
EndGlobal
